
Microsoft Visual Studio Solution File, Format Version 12.00
# Visual Studio 2012
Project("{FAE04EC0-301F-11D3-BF4B-00C04F79EFBC}") = "MvcBlog", "MvcBlog\MvcBlog.csproj", "{F89D0DC1-743D-4C14-AC34-CBD5A634BD3F}"
EndProject
Global
	GlobalSection(SolutionConfigurationPlatforms) = preSolution
		Debug|Any CPU = Debug|Any CPU
		Release|Any CPU = Release|Any CPU
	EndGlobalSection
	GlobalSection(ProjectConfigurationPlatforms) = postSolution
		{F89D0DC1-743D-4C14-AC34-CBD5A634BD3F}.Debug|Any CPU.ActiveCfg = Debug|Any CPU
		{F89D0DC1-743D-4C14-AC34-CBD5A634BD3F}.Debug|Any CPU.Build.0 = Debug|Any CPU
		{F89D0DC1-743D-4C14-AC34-CBD5A634BD3F}.Release|Any CPU.ActiveCfg = Release|Any CPU
		{F89D0DC1-743D-4C14-AC34-CBD5A634BD3F}.Release|Any CPU.Build.0 = Release|Any CPU
	EndGlobalSection
	GlobalSection(SolutionProperties) = preSolution
		HideSolutionNode = FALSE
	EndGlobalSection
EndGlobal
